# THIS IS AN AUTOGENERATED FILE. DO NOT EDIT THIS FILE DIRECTLY.
# yarn lockfile v1


"@ant-design/colors@^5.0.0":
  version "5.0.1"
  resolved "https://registry.npmjs.org/@ant-design/colors/-/colors-5.0.1.tgz#09670f2f44a7473d7bc01be901c48ec10f12c7a4"
  integrity sha512-x1TUaRILaqy3zgFNo+kIqOa3eTYPt81H1/3E4dCjDP4Qvk/xaPEizLDFdRUcIx0cWwyu2LklwfyLHWpbYK8v6A==
  dependencies:
    "@ctrl/tinycolor" "^3.3.1"

"@ant-design/icons-svg@^4.0.0":
  version "4.1.0"
  resolved "https://registry.npmjs.org/@ant-design/icons-svg/-/icons-svg-4.1.0.tgz#480b025f4b20ef7fe8f47d4a4846e4fee84ea06c"
  integrity sha512-Fi03PfuUqRs76aI3UWYpP864lkrfPo0hluwGqh7NJdLhvH4iRDc3jbJqZIvRDLHKbXrvAfPPV3+zjUccfFvWOQ==

"@ant-design/icons@^4.3.0":
  version "4.3.0"
  resolved "https://registry.npmjs.org/@ant-design/icons/-/icons-4.3.0.tgz#420e0cd527486c0fe57f81310d681950fc4cfacf"
  integrity sha512-UoIbw4oz/L/msbkgqs2nls2KP7XNKScOxVR54wRrWwnXOzJaGNwwSdYjHQz+5ETf8C53YPpzMOnRX99LFCdeIQ==
  dependencies:
    "@ant-design/colors" "^5.0.0"
    "@ant-design/icons-svg" "^4.0.0"
    "@babel/runtime" "^7.11.2"
    classnames "^2.2.6"
    insert-css "^2.0.0"
    rc-util "^5.0.1"

"@ant-design/react-slick@~0.28.1":
  version "0.28.1"
  resolved "https://registry.npmjs.org/@ant-design/react-slick/-/react-slick-0.28.1.tgz#2e0720838cb57ab8818384dcc96b2a8c61fcd01e"
  integrity sha512-Uk+GNexHOmiK3BMk/xvliNsNt+LYnN49u5o4lqeuMKXJlNqE9kGpEF03KpxDqu/zybO0/0yAJALha8oPtR5iHA==
  dependencies:
    "@babel/runtime" "^7.10.4"
    classnames "^2.2.5"
    json2mq "^0.2.0"
    lodash "^4.17.15"
    resize-observer-polyfill "^1.5.0"

"@babel/runtime@^7.10.1", "@babel/runtime@^7.10.2", "@babel/runtime@^7.10.4", "@babel/runtime@^7.11.1", "@babel/runtime@^7.11.2", "@babel/runtime@^7.12.5", "@babel/runtime@^7.8.4":
  version "7.12.5"
  resolved "https://registry.npmjs.org/@babel/runtime/-/runtime-7.12.5.tgz#410e7e487441e1b360c29be715d870d9b985882e"
  integrity sha512-plcc+hbExy3McchJCEQG3knOsuh3HH+Prx1P6cLIkET/0dLuQDEnrT+s27Axgc9bqfsmNUNHfscgMUdBpC9xfg==
  dependencies:
    regenerator-runtime "^0.13.4"

"@ctrl/tinycolor@^3.3.1":
  version "3.3.2"
  resolved "https://registry.npmjs.org/@ctrl/tinycolor/-/tinycolor-3.3.2.tgz#902c4c7e6b48553e4f83c0c1c565a6b071b02520"
  integrity sha512-28A2j9DISNtHRcfc+FSCkxIAMnQoORQYz+UQLjc0+KlsGl80MqfbG3EzqXxzVmCMatlgmHfcX7/DBoMg+ik/Fg==

"@formatjs/intl-unified-numberformat@^3.2.0":
  version "3.3.7"
  resolved "https://registry.npmjs.org/@formatjs/intl-unified-numberformat/-/intl-unified-numberformat-3.3.7.tgz#9995a24568908188e716d81a1de5b702b2ee00e2"
  integrity sha512-KnWgLRHzCAgT9eyt3OS34RHoyD7dPDYhRcuKn+/6Kv2knDF8Im43J6vlSW6Hm1w63fNq3ZIT1cFk7RuVO3Psag==
  dependencies:
    "@formatjs/intl-utils" "^2.3.0"

"@formatjs/intl-utils@^2.3.0":
  version "2.3.0"
  resolved "https://registry.npmjs.org/@formatjs/intl-utils/-/intl-utils-2.3.0.tgz#2dc8c57044de0340eb53a7ba602e59abf80dc799"
  integrity sha512-KWk80UPIzPmUg+P0rKh6TqspRw0G6eux1PuJr+zz47ftMaZ9QDwbGzHZbtzWkl5hgayM/qrKRutllRC7D/vVXQ==

"@types/antd@^1.0.0":
  version "1.0.0"
  resolved "https://registry.npmjs.org/@types/antd/-/antd-1.0.0.tgz#f04e2a84efd9ea937366cd3dfbada5d3c949471d"
  integrity sha1-8E4qhO/Z6pNzZs09+62l08lJRx0=
  dependencies:
    antd "*"

"@types/anymatch@*":
  version "1.3.1"
  resolved "https://registry.npmjs.org/@types/anymatch/-/anymatch-1.3.1.tgz#336badc1beecb9dacc38bea2cf32adf627a8421a"
  integrity sha512-/+CRPXpBDpo2RK9C68N3b2cOvO0Cf5B9aPijHsoDQTHivnGSObdOF2BRQOYjojWTDy6nQvMjmqRXIxH55VjxxA==

"@types/history@*":
  version "4.7.8"
  resolved "https://registry.npmjs.org/@types/history/-/history-4.7.8.tgz#49348387983075705fe8f4e02fb67f7daaec4934"
  integrity sha512-S78QIYirQcUoo6UJZx9CSP0O2ix9IaeAXwQi26Rhr/+mg7qqPy8TzaxHSUut7eGjL8WmLccT7/MXf304WjqHcA==

"@types/hoist-non-react-statics@^3.3.0":
  version "3.3.1"
  resolved "https://registry.npmjs.org/@types/hoist-non-react-statics/-/hoist-non-react-statics-3.3.1.tgz#1124aafe5118cb591977aeb1ceaaed1070eb039f"
  integrity sha512-iMIqiko6ooLrTh1joXodJK5X9xeEALT1kM5G3ZLhD3hszxBdIEd5C75U834D9mLcINgD4OyZf5uQXjkuYydWvA==
  dependencies:
    "@types/react" "*"
    hoist-non-react-statics "^3.3.0"

"@types/js-cookie@^2.2.6":
  version "2.2.6"
  resolved "https://registry.npmjs.org/@types/js-cookie/-/js-cookie-2.2.6.tgz#f1a1cb35aff47bc5cfb05cb0c441ca91e914c26f"
  integrity sha512-+oY0FDTO2GYKEV0YPvSshGq9t7YozVkgvXLty7zogQNuCxBhT9/3INX9Q7H1aRZ4SUDRXAKlJuA4EA5nTt7SNw==

"@types/node@*":
  version "14.14.21"
  resolved "https://registry.npmjs.org/@types/node/-/node-14.14.21.tgz#d934aacc22424fe9622ebf6857370c052eae464e"
  integrity sha512-cHYfKsnwllYhjOzuC5q1VpguABBeecUp24yFluHpn/BQaVxB1CuQ1FSRZCzrPxrkIfWISXV2LbeoBthLWg0+0A==

"@types/prop-types@*":
  version "15.7.3"
  resolved "https://registry.npmjs.org/@types/prop-types/-/prop-types-15.7.3.tgz#2ab0d5da2e5815f94b0b9d4b95d1e5f243ab2ca7"
  integrity sha512-KfRL3PuHmqQLOG+2tGpRO26Ctg+Cq1E01D2DMriKEATHgWLfeNDmq9e29Q9WIky0dQ3NPkd1mzYH8Lm936Z9qw==

"@types/react-dom@^17.0.0":
  version "17.0.0"
  resolved "https://registry.npmjs.org/@types/react-dom/-/react-dom-17.0.0.tgz#b3b691eb956c4b3401777ee67b900cb28415d95a"
  integrity sha512-lUqY7OlkF/RbNtD5nIq7ot8NquXrdFrjSOR6+w9a9RFQevGi1oZO1dcJbXMeONAPKtZ2UrZOEJ5UOCVsxbLk/g==
  dependencies:
    "@types/react" "*"

"@types/react-loadable@^5.5.4":
  version "5.5.4"
  resolved "https://registry.npmjs.org/@types/react-loadable/-/react-loadable-5.5.4.tgz#9bfb31e1299e9a3b23ea6cae437fa8813afde544"
  integrity sha512-otKcjNCfVUzdBMdwOqFITTmBruIXw6GeoZitTBvJ6BMrif8Utu2JLy42GWukNnYI7ewJdncUCooz5Y/1dBz4+w==
  dependencies:
    "@types/react" "*"
    "@types/webpack" "*"

"@types/react-redux@^7.1.12":
  version "7.1.15"
  resolved "https://registry.npmjs.org/@types/react-redux/-/react-redux-7.1.15.tgz#19075884db94101be762accef924d266a603fb1b"
  integrity sha512-+piY42tUflPfI7y9Vy3UkG6MEMuJlrxfdtgeUcWmd5Z0qB57NXAPG6smkqu1DNXluo/KDyXPeRYhcFzMwt1BEA==
  dependencies:
    "@types/hoist-non-react-statics" "^3.3.0"
    "@types/react" "*"
    hoist-non-react-statics "^3.3.0"
    redux "^4.0.0"

"@types/react-router-dom@^5.1.6":
  version "5.1.7"
  resolved "https://registry.npmjs.org/@types/react-router-dom/-/react-router-dom-5.1.7.tgz#a126d9ea76079ffbbdb0d9225073eb5797ab7271"
  integrity sha512-D5mHD6TbdV/DNHYsnwBTv+y73ei+mMjrkGrla86HthE4/PVvL1J94Bu3qABU+COXzpL23T1EZapVVpwHuBXiUg==
  dependencies:
    "@types/history" "*"
    "@types/react" "*"
    "@types/react-router" "*"

"@types/react-router@*":
  version "5.1.11"
  resolved "https://registry.npmjs.org/@types/react-router/-/react-router-5.1.11.tgz#b01ce4cb21bf7d6b32edc862fc1e2c0088044b5b"
  integrity sha512-ofHbZMlp0Y2baOHgsWBQ4K3AttxY61bDMkwTiBOkPg7U6C/3UwwB5WaIx28JmSVi/eX3uFEMRo61BV22fDQIvg==
  dependencies:
    "@types/history" "*"
    "@types/react" "*"

"@types/react@*", "@types/react@^17.0.0":
  version "17.0.0"
  resolved "https://registry.npmjs.org/@types/react/-/react-17.0.0.tgz#5af3eb7fad2807092f0046a1302b7823e27919b8"
  integrity sha512-aj/L7RIMsRlWML3YB6KZiXB3fV2t41+5RBGYF8z+tAKU43Px8C3cYUZsDvf1/+Bm4FK21QWBrDutu8ZJ/70qOw==
  dependencies:
    "@types/prop-types" "*"
    csstype "^3.0.2"

"@types/redux@^3.6.0":
  version "3.6.0"
  resolved "https://registry.npmjs.org/@types/redux/-/redux-3.6.0.tgz#f1ebe1e5411518072e4fdfca5c76e16e74c1399a"
  integrity sha1-8evh5UEVGAcuT9/KXHbhbnTBOZo=
  dependencies:
    redux "*"

"@types/source-list-map@*":
  version "0.1.2"
  resolved "https://registry.npmjs.org/@types/source-list-map/-/source-list-map-0.1.2.tgz#0078836063ffaf17412349bba364087e0ac02ec9"
  integrity sha512-K5K+yml8LTo9bWJI/rECfIPrGgxdpeNbj+d53lwN4QjW1MCwlkhUms+gtdzigTeUyBr09+u8BwOIY3MXvHdcsA==

"@types/tapable@*":
  version "1.0.6"
  resolved "https://registry.npmjs.org/@types/tapable/-/tapable-1.0.6.tgz#a9ca4b70a18b270ccb2bc0aaafefd1d486b7ea74"
  integrity sha512-W+bw9ds02rAQaMvaLYxAbJ6cvguW/iJXNT6lTssS1ps6QdrMKttqEAMEG/b5CR8TZl3/L7/lH0ZV5nNR1LXikA==

"@types/uglify-js@*":
  version "3.11.1"
  resolved "https://registry.npmjs.org/@types/uglify-js/-/uglify-js-3.11.1.tgz#97ff30e61a0aa6876c270b5f538737e2d6ab8ceb"
  integrity sha512-7npvPKV+jINLu1SpSYVWG8KvyJBhBa8tmzMMdDoVc2pWUYHN8KIXlPJhjJ4LT97c4dXJA2SHL/q6ADbDriZN+Q==
  dependencies:
    source-map "^0.6.1"

"@types/webpack-env@^1.16.0":
  version "1.16.0"
  resolved "https://registry.npmjs.org/@types/webpack-env/-/webpack-env-1.16.0.tgz#8c0a9435dfa7b3b1be76562f3070efb3f92637b4"
  integrity sha512-Fx+NpfOO0CpeYX2g9bkvX8O5qh9wrU1sOF4g8sft4Mu7z+qfe387YlyY8w8daDyDsKY5vUxM0yxkAYnbkRbZEw==

"@types/webpack-sources@*":
  version "2.1.0"
  resolved "https://registry.npmjs.org/@types/webpack-sources/-/webpack-sources-2.1.0.tgz#8882b0bd62d1e0ce62f183d0d01b72e6e82e8c10"
  integrity sha512-LXn/oYIpBeucgP1EIJbKQ2/4ZmpvRl+dlrFdX7+94SKRUV3Evy3FsfMZY318vGhkWUS5MPhtOM3w1/hCOAOXcg==
  dependencies:
    "@types/node" "*"
    "@types/source-list-map" "*"
    source-map "^0.7.3"

"@types/webpack@*":
  version "4.41.26"
  resolved "https://registry.npmjs.org/@types/webpack/-/webpack-4.41.26.tgz#27a30d7d531e16489f9c7607c747be6bc1a459ef"
  integrity sha512-7ZyTfxjCRwexh+EJFwRUM+CDB2XvgHl4vfuqf1ZKrgGvcS5BrNvPQqJh3tsZ0P6h6Aa1qClVHaJZszLPzpqHeA==
  dependencies:
    "@types/anymatch" "*"
    "@types/node" "*"
    "@types/tapable" "*"
    "@types/uglify-js" "*"
    "@types/webpack-sources" "*"
    source-map "^0.6.0"

antd@*:
  version "4.10.3"
  resolved "https://registry.npmjs.org/antd/-/antd-4.10.3.tgz#54da18519470f6c68c348d29e646836321f8ddc0"
  integrity sha512-J/IZvW15MwTmUxK/AWFkSU51T1Hyn4e0GchJWlIe7+FrPpLoTgLf9/Cx3mgxiooHfE9OfvnYvvRli1VxHH6H0Q==
  dependencies:
    "@ant-design/colors" "^5.0.0"
    "@ant-design/icons" "^4.3.0"
    "@ant-design/react-slick" "~0.28.1"
    "@babel/runtime" "^7.11.2"
    array-tree-filter "^2.1.0"
    classnames "^2.2.6"
    copy-to-clipboard "^3.2.0"
    lodash "^4.17.20"
    moment "^2.25.3"
    rc-cascader "~1.4.0"
    rc-checkbox "~2.3.0"
    rc-collapse "~3.1.0"
    rc-dialog "~8.5.1"
    rc-drawer "~4.2.0"
    rc-dropdown "~3.2.0"
    rc-field-form "~1.17.3"
    rc-image "~5.0.2"
    rc-input-number "~6.1.0"
    rc-mentions "~1.5.0"
    rc-menu "~8.10.0"
    rc-motion "^2.4.0"
    rc-notification "~4.5.2"
    rc-pagination "~3.1.2"
    rc-picker "~2.5.1"
    rc-progress "~3.1.0"
    rc-rate "~2.9.0"
    rc-resize-observer "^1.0.0"
    rc-select "~12.1.0"
    rc-slider "~9.7.1"
    rc-steps "~4.1.0"
    rc-switch "~3.2.0"
    rc-table "~7.12.0"
    rc-tabs "~11.7.0"
    rc-textarea "~0.3.0"
    rc-tooltip "~5.0.0"
    rc-tree "~4.1.0"
    rc-tree-select "~4.3.0"
    rc-upload "~3.3.4"
    rc-util "^5.7.0"
    scroll-into-view-if-needed "^2.2.25"
    warning "^4.0.3"

array-tree-filter@^2.1.0:
  version "2.1.0"
  resolved "https://registry.npmjs.org/array-tree-filter/-/array-tree-filter-2.1.0.tgz#873ac00fec83749f255ac8dd083814b4f6329190"
  integrity sha512-4ROwICNlNw/Hqa9v+rk5h22KjmzB1JGTMVKP2AKJBOCgb0yL0ASf0+YvCcLNNwquOHNX48jkeZIJ3a+oOQqKcw==

async-validator@^3.0.3:
  version "3.5.1"
  resolved "https://registry.npmjs.org/async-validator/-/async-validator-3.5.1.tgz#cd62b9688b2465f48420e27adb47760ab1b5559f"
  integrity sha512-DDmKA7sdSAJtTVeNZHrnr2yojfFaoeW8MfQN8CeuXg8DDQHTqKk9Fdv38dSvnesHoO8MUwMI2HphOeSyIF+wmQ==

classnames@2.x, classnames@^2.2.1, classnames@^2.2.3, classnames@^2.2.5, classnames@^2.2.6:
  version "2.2.6"
  resolved "https://registry.npmjs.org/classnames/-/classnames-2.2.6.tgz#43935bffdd291f326dad0a205309b38d00f650ce"
  integrity sha512-JR/iSQOSt+LQIWwrwEzJ9uk0xfN3mTVYMwt1Ir5mUcSN6pU+V4zQFFaJsclJbPuAUQH+yfWef6tm7l1quW3C8Q==

compute-scroll-into-view@^1.0.16:
  version "1.0.16"
  resolved "https://registry.npmjs.org/compute-scroll-into-view/-/compute-scroll-into-view-1.0.16.tgz#5b7bf4f7127ea2c19b750353d7ce6776a90ee088"
  integrity sha512-a85LHKY81oQnikatZYA90pufpZ6sQx++BoCxOEMsjpZx+ZnaKGQnCyCehTRr/1p9GBIAHTjcU9k71kSYWloLiQ==

console-polyfill@^0.3.0:
  version "0.3.0"
  resolved "https://registry.npmjs.org/console-polyfill/-/console-polyfill-0.3.0.tgz#84900902a18c47a5eba932be75fa44d23e8af861"
  integrity sha512-w+JSDZS7XML43Xnwo2x5O5vxB0ID7T5BdqDtyqT6uiCAX2kZAgcWxNaGqT97tZfSHzfOcvrfsDAodKcJ3UvnXQ==

cookie@^0.3.1:
  version "0.3.1"
  resolved "https://registry.npmjs.org/cookie/-/cookie-0.3.1.tgz#e7e0a1f9ef43b4c8ba925c5c5a96e806d16873bb"
  integrity sha1-5+Ch+e9DtMi6klxcWpboBtFoc7s=

copy-to-clipboard@^3.2.0:
  version "3.3.1"
  resolved "https://registry.npmjs.org/copy-to-clipboard/-/copy-to-clipboard-3.3.1.tgz#115aa1a9998ffab6196f93076ad6da3b913662ae"
  integrity sha512-i13qo6kIHTTpCm8/Wup+0b1mVWETvu2kIMzKoK8FpkLkFxlt0znUAHcMzox+T8sPlqtZXq3CulEjQHsYiGFJUw==
  dependencies:
    toggle-selection "^1.0.6"

csstype@^3.0.2:
  version "3.0.6"
  resolved "https://registry.npmjs.org/csstype/-/csstype-3.0.6.tgz#865d0b5833d7d8d40f4e5b8a6d76aea3de4725ef"
  integrity sha512-+ZAmfyWMT7TiIlzdqJgjMb7S4f1beorDbWbsocyK4RaiqA5RTX3K14bnBWmmA9QEM0gRdsjyyrEmcyga8Zsxmw==

date-fns@^2.15.0:
  version "2.16.1"
  resolved "https://registry.npmjs.org/date-fns/-/date-fns-2.16.1.tgz#05775792c3f3331da812af253e1a935851d3834b"
  integrity sha512-sAJVKx/FqrLYHAQeN7VpJrPhagZc9R4ImZIWYRFZaaohR3KzmuK88touwsSwSVT8Qcbd4zoDsnGfX4GFB4imyQ==

dayjs@^1.8.30:
  version "1.10.3"
  resolved "https://registry.npmjs.org/dayjs/-/dayjs-1.10.3.tgz#cf3357c8e7f508432826371672ebf376cb7d619b"
  integrity sha512-/2fdLN987N8Ki7Id8BUN2nhuiRyxTLumQnSQf9CNncFCyqFsSKb9TNhzRYcC8K8eJSJOKvbvkImo/MKKhNi4iw==

dom-align@^1.7.0:
  version "1.12.0"
  resolved "https://registry.npmjs.org/dom-align/-/dom-align-1.12.0.tgz#56fb7156df0b91099830364d2d48f88963f5a29c"
  integrity sha512-YkoezQuhp3SLFGdOlr5xkqZ640iXrnHAwVYcDg8ZKRUtO7mSzSC2BA5V0VuyAwPSJA4CLIc6EDDJh4bEsD2+zA==

escape-html@^1.0.3:
  version "1.0.3"
  resolved "https://registry.npmjs.org/escape-html/-/escape-html-1.0.3.tgz#0258eae4d3d0c0974de1c169188ef0051d1d1988"
  integrity sha1-Aljq5NPQwJdN4cFpGI7wBR0dGYg=

hoist-non-react-statics@^3.3.0, hoist-non-react-statics@^3.3.2:
  version "3.3.2"
  resolved "https://registry.npmjs.org/hoist-non-react-statics/-/hoist-non-react-statics-3.3.2.tgz#ece0acaf71d62c2969c2ec59feff42a4b1a85b45"
  integrity sha512-/gGivxi8JPKWNm/W0jSmzcMPpfpPLc3dY/6GxhX2hQ9iGj3aDfklV4ET7NjKpSinLpJ5vafa9iiGIEZg10SfBw==
  dependencies:
    react-is "^16.7.0"

insert-css@^2.0.0:
  version "2.0.0"
  resolved "https://registry.npmjs.org/insert-css/-/insert-css-2.0.0.tgz#eb5d1097b7542f4c79ea3060d3aee07d053880f4"
  integrity sha1-610Ql7dUL0x56jBg067gfQU4gPQ=

intl-format-cache@^4.2.21:
  version "4.3.1"
  resolved "https://registry.npmjs.org/intl-format-cache/-/intl-format-cache-4.3.1.tgz#484d31a9872161e6c02139349b259a6229ade377"
  integrity sha512-OEUYNA7D06agqPOYhbTkl0T8HA3QKSuwWh1HiClEnpd9vw7N+3XsQt5iZ0GUEchp5CW1fQk/tary+NsbF3yQ1Q==

intl-messageformat-parser@^3.6.4:
  version "3.6.4"
  resolved "https://registry.npmjs.org/intl-messageformat-parser/-/intl-messageformat-parser-3.6.4.tgz#5199d106d816c3dda26ee0694362a9cf823978fb"
  integrity sha512-RgPGwue0mJtoX2Ax8EmMzJzttxjnva7gx0Q7mKJ4oALrTZvtmCeAw5Msz2PcjW4dtCh/h7vN/8GJCxZO1uv+OA==
  dependencies:
    "@formatjs/intl-unified-numberformat" "^3.2.0"

intl-messageformat@^7.8.4:
  version "7.8.4"
  resolved "https://registry.npmjs.org/intl-messageformat/-/intl-messageformat-7.8.4.tgz#c29146a06b9cd26662978a4d95fff2b133e3642f"
  integrity sha512-yS0cLESCKCYjseCOGXuV4pxJm/buTfyCJ1nzQjryHmSehlptbZbn9fnlk1I9peLopZGGbjj46yHHiTAEZ1qOTA==
  dependencies:
    intl-format-cache "^4.2.21"
    intl-messageformat-parser "^3.6.4"

intl@^1.2.5:
  version "1.2.5"
  resolved "https://registry.npmjs.org/intl/-/intl-1.2.5.tgz#82244a2190c4e419f8371f5aa34daa3420e2abde"
  integrity sha1-giRKIZDE5Bn4Nx9ao02qNCDiq94=

invariant@^2.2.2:
  version "2.2.4"
  resolved "https://registry.npmjs.org/invariant/-/invariant-2.2.4.tgz#610f3c92c9359ce1db616e538008d23ff35158e6"
  integrity sha512-phJfQVBuaJM5raOpJjSfkiD6BpbCE4Ns//LaXl6wGYtUBY83nWS6Rf9tXm2e8VaK60JEjYldbPif/A2B1C2gNA==
  dependencies:
    loose-envify "^1.0.0"

"js-tokens@^3.0.0 || ^4.0.0":
  version "4.0.0"
  resolved "https://registry.npmjs.org/js-tokens/-/js-tokens-4.0.0.tgz#19203fb59991df98e3a287050d4647cdeaf32499"
  integrity sha512-RdJUflcE3cUzKiMqQgsCu06FPu9UdIJO0beYbPhHN4k6apgJtifcoCtT9bcxOpYBtpD2kCM6Sbzg4CausW/PKQ==

json-loader@^0.5.7:
  version "0.5.7"
  resolved "https://registry.npmjs.org/json-loader/-/json-loader-0.5.7.tgz#dca14a70235ff82f0ac9a3abeb60d337a365185d"
  integrity sha512-QLPs8Dj7lnf3e3QYS1zkCo+4ZwqOiF9d/nZnYozTISxXWCfNs9yuky5rJw4/W34s7POaNlbZmQGaB5NiXCbP4w==

json2mq@^0.2.0:
  version "0.2.0"
  resolved "https://registry.npmjs.org/json2mq/-/json2mq-0.2.0.tgz#b637bd3ba9eabe122c83e9720483aeb10d2c904a"
  integrity sha1-tje9O6nqvhIsg+lyBIOusQ0skEo=
  dependencies:
    string-convert "^0.2.0"

lodash.merge@^4.6.2:
  version "4.6.2"
  resolved "https://registry.npmjs.org/lodash.merge/-/lodash.merge-4.6.2.tgz#558aa53b43b661e1925a0afdfa36a9a1085fe57a"
  integrity sha512-0KpjqXRVvrYyCsX1swR/XTK0va6VQkQM6MNo7PqW77ByjAhoARA8EfrP1N4+KlKj8YS0ZUCtRT/YUuhyYDujIQ==

lodash@^4.17.15, lodash@^4.17.20:
  version "4.17.20"
  resolved "https://registry.npmjs.org/lodash/-/lodash-4.17.20.tgz#b44a9b6297bcb698f1c51a3545a2b3b368d59c52"
  integrity sha512-PlhdFcillOINfeV7Ni6oF1TAEayyZBoZ8bcshTHqOYJYlrqzRK5hagpagky5o4HfCzzd1TRkXPMFq6cKk9rGmA==

loose-envify@^1.0.0, loose-envify@^1.4.0:
  version "1.4.0"
  resolved "https://registry.npmjs.org/loose-envify/-/loose-envify-1.4.0.tgz#71ee51fa7be4caec1a63839f7e682d8132d30caf"
  integrity sha512-lyuxPGr/Wfhrlem2CL/UcnUc1zcqKAImBDzukY7Y5F/yQiNdko6+fRLevlw1HgMySw7f611UIY408EtxRSoK3Q==
  dependencies:
    js-tokens "^3.0.0 || ^4.0.0"

mini-store@^3.0.1:
  version "3.0.6"
  resolved "https://registry.npmjs.org/mini-store/-/mini-store-3.0.6.tgz#44b86be5b2877271224ce0689b3a35a2dffb1ca9"
  integrity sha512-YzffKHbYsMQGUWQRKdsearR79QsMzzJcDDmZKlJBqt5JNkqpyJHYlK6gP61O36X+sLf76sO9G6mhKBe83gIZIQ==
  dependencies:
    hoist-non-react-statics "^3.3.2"
    shallowequal "^1.0.2"

moment@^2.24.0, moment@^2.25.3:
  version "2.29.1"
  resolved "https://registry.npmjs.org/moment/-/moment-2.29.1.tgz#b2be769fa31940be9eeea6469c075e35006fa3d3"
  integrity sha512-kHmoybcPV8Sqy59DwNDY3Jefr64lK/by/da0ViFcuA4DH0vQg5Q6Ze5VimxkfQNSC+Mls/Kx53s7TjP1RhFEDQ==

object-keys@^1.0.11:
  version "1.1.1"
  resolved "https://registry.npmjs.org/object-keys/-/object-keys-1.1.1.tgz#1c47f272df277f3b1daf061677d9c82e2322c60e"
  integrity sha512-NuAESUOUMrlIXOfHKzD6bpPu3tYt3xvjNdRIQ+FeT0lNb4K8WR70CaDxhuNguS2XG+GjkyMwOzsN5ZktImfhLA==

querystring@^0.2.0:
  version "0.2.0"
  resolved "https://registry.npmjs.org/querystring/-/querystring-0.2.0.tgz#b209849203bb25df820da756e747005878521620"
  integrity sha1-sgmEkgO7Jd+CDadW50cAWHhSFiA=

rc-align@^4.0.0:
  version "4.0.9"
  resolved "https://registry.npmjs.org/rc-align/-/rc-align-4.0.9.tgz#46d8801c4a139ff6a65ad1674e8efceac98f85f2"
  integrity sha512-myAM2R4qoB6LqBul0leaqY8gFaiECDJ3MtQDmzDo9xM9NRT/04TvWOYd2YHU9zvGzqk9QXF6S9/MifzSKDZeMw==
  dependencies:
    "@babel/runtime" "^7.10.1"
    classnames "2.x"
    dom-align "^1.7.0"
    rc-util "^5.3.0"
    resize-observer-polyfill "^1.5.1"

rc-cascader@~1.4.0:
  version "1.4.2"
  resolved "https://registry.npmjs.org/rc-cascader/-/rc-cascader-1.4.2.tgz#caa81098e3ef4d5f823f9156f6d8d6dbd6321afa"
  integrity sha512-JVuLGrSi+3G8DZyPvlKlGVWJjhoi9NTz6REHIgRspa5WnznRkKGm2ejb0jJtz0m2IL8Q9BG4ZA2sXuqAu71ltQ==
  dependencies:
    "@babel/runtime" "^7.12.5"
    array-tree-filter "^2.1.0"
    rc-trigger "^5.0.4"
    rc-util "^5.0.1"
    warning "^4.0.1"

rc-checkbox@~2.3.0:
  version "2.3.2"
  resolved "https://registry.npmjs.org/rc-checkbox/-/rc-checkbox-2.3.2.tgz#f91b3678c7edb2baa8121c9483c664fa6f0aefc1"
  integrity sha512-afVi1FYiGv1U0JlpNH/UaEXdh6WUJjcWokj/nUN2TgG80bfG+MDdbfHKlLcNNba94mbjy2/SXJ1HDgrOkXGAjg==
  dependencies:
    "@babel/runtime" "^7.10.1"
    classnames "^2.2.1"

rc-collapse@~3.1.0:
  version "3.1.0"
  resolved "https://registry.npmjs.org/rc-collapse/-/rc-collapse-3.1.0.tgz#4ce5e612568c5fbeaf368cc39214471c1461a1a1"
  integrity sha512-EwpNPJcLe7b+5JfyaxM9ZNnkCgqArt3QQO0Cr5p5plwz/C9h8liAmjYY5I4+hl9lAjBqb7ZwLu94+z+rt5g1WQ==
  dependencies:
    "@babel/runtime" "^7.10.1"
    classnames "2.x"
    rc-motion "^2.3.4"
    rc-util "^5.2.1"
    shallowequal "^1.1.0"

rc-dialog@~8.5.1:
  version "8.5.1"
  resolved "https://registry.npmjs.org/rc-dialog/-/rc-dialog-8.5.1.tgz#df316dd93e1685d7df1f5e4164ee35cba4a9af88"
  integrity sha512-EcLgHHjF3Jp4C+TFceO2j7gIrpx0YIhY6ronki5QJDL/z+qWYozY5RNh4rnv4a6R21SPVhV+SK+gMMlMHZ/YRQ==
  dependencies:
    "@babel/runtime" "^7.10.1"
    classnames "^2.2.6"
    rc-motion "^2.3.0"
    rc-util "^5.6.1"

rc-drawer@~4.2.0:
  version "4.2.2"
  resolved "https://registry.npmjs.org/rc-drawer/-/rc-drawer-4.2.2.tgz#5fd8b18ce20575ff22b36e0c5ddbe363c13db555"
  integrity sha512-zw48FATkAmJrEnfeRWiMqvKAzqGzUDLN1UXlluB7q7GgbR6mJFvc+QsmNrgxsFuMz86Lh9mKSIi7rXlPINmuzw==
  dependencies:
    "@babel/runtime" "^7.10.1"
    classnames "^2.2.6"
    rc-util "^5.7.0"

rc-dropdown@^3.1.3, rc-dropdown@~3.2.0:
  version "3.2.0"
  resolved "https://registry.npmjs.org/rc-dropdown/-/rc-dropdown-3.2.0.tgz#da6c2ada403842baee3a9e909a0b1a91ba3e1090"
  integrity sha512-j1HSw+/QqlhxyTEF6BArVZnTmezw2LnSmRk6I9W7BCqNCKaRwleRmMMs1PHbuaG8dKHVqP6e21RQ7vPBLVnnNw==
  dependencies:
    "@babel/runtime" "^7.10.1"
    classnames "^2.2.6"
    rc-trigger "^5.0.4"

rc-field-form@~1.17.3:
  version "1.17.4"
  resolved "https://registry.npmjs.org/rc-field-form/-/rc-field-form-1.17.4.tgz#6e2bea66bfb636ba5bf297f29bafc5314a32cb6d"
  integrity sha512-QI9fe0F9YAmEX946lQpxTs6Qc/FwaLeakWquiBNEmhtqurj/qDdrv+eLb4TfnHTjkdyxU3G7p901WEuuBrrdkA==
  dependencies:
    "@babel/runtime" "^7.8.4"
    async-validator "^3.0.3"
    rc-util "^5.0.0"

rc-image@~5.0.2:
  version "5.0.2"
  resolved "https://registry.npmjs.org/rc-image/-/rc-image-5.0.2.tgz#5b00b3201ef4bb9ef8f18a6ffe60724011f3cba3"
  integrity sha512-bNCOGxo9ICe2S+MuVQtxVjk2esL0QJX4YcUB10S98z8CWO1sswySH6inH69YU778aCXs8/nKhtZMUmiU1To0bQ==
  dependencies:
    "@babel/runtime" "^7.11.2"
    classnames "^2.2.6"
    rc-dialog "~8.5.1"
    rc-util "^5.0.6"

rc-input-number@~6.1.0:
  version "6.1.2"
  resolved "https://registry.npmjs.org/rc-input-number/-/rc-input-number-6.1.2.tgz#6663eda0ae6b75e464e63df375d29308cebb0ed8"
  integrity sha512-UvP0tpOUeGetx6caS8RzBs3Du+NwPUn9ijQ3LeR1jOmzjXNuXvv58U6hvIXSHx/4ulPleQ5BAQP/aLTsFB4yGw==
  dependencies:
    "@babel/runtime" "^7.10.1"
    classnames "^2.2.5"
    rc-util "^5.0.1"

rc-mentions@~1.5.0:
  version "1.5.3"
  resolved "https://registry.npmjs.org/rc-mentions/-/rc-mentions-1.5.3.tgz#b92bebadf8ad9fb3586ba1af922d63b49d991c67"
  integrity sha512-NG/KB8YiKBCJPHHvr/QapAb4f9YzLJn7kDHtmI1K6t7ZMM5YgrjIxNNhoRKKP9zJvb9PdPts69Hbg4ZMvLVIFQ==
  dependencies:
    "@babel/runtime" "^7.10.1"
    classnames "^2.2.6"
    rc-menu "^8.0.1"
    rc-textarea "^0.3.0"
    rc-trigger "^5.0.4"
    rc-util "^5.0.1"

rc-menu@^8.0.1, rc-menu@^8.6.1, rc-menu@~8.10.0:
  version "8.10.4"
  resolved "https://registry.npmjs.org/rc-menu/-/rc-menu-8.10.4.tgz#234b6cb12690a39ca1e9c380aa846110ec06ffdb"
  integrity sha512-eZOyl6RZFNwREP2MMyIOicrEOA9oeAFz13YG5LBmclz1nJQnpkWRN1NjSSQf2JQGybiuI3zQn+PMfFG99i0YxQ==
  dependencies:
    "@babel/runtime" "^7.10.1"
    classnames "2.x"
    mini-store "^3.0.1"
    rc-motion "^2.0.1"
    rc-trigger "^5.1.2"
    rc-util "^5.7.0"
    resize-observer-polyfill "^1.5.0"
    shallowequal "^1.1.0"

rc-motion@^2.0.0, rc-motion@^2.0.1, rc-motion@^2.2.0, rc-motion@^2.3.0, rc-motion@^2.3.4, rc-motion@^2.4.0:
  version "2.4.1"
  resolved "https://registry.npmjs.org/rc-motion/-/rc-motion-2.4.1.tgz#323f47c8635e6b2bc0cba2dfad25fc415b58e1dc"
  integrity sha512-TWLvymfMu8SngPx5MDH8dQ0D2RYbluNTfam4hY/dNNx9RQ3WtGuZ/GXHi2ymLMzH+UNd6EEFYkOuR5JTTtm8Xg==
  dependencies:
    "@babel/runtime" "^7.11.1"
    classnames "^2.2.1"
    rc-util "^5.2.1"

rc-notification@~4.5.2:
  version "4.5.4"
  resolved "https://registry.npmjs.org/rc-notification/-/rc-notification-4.5.4.tgz#1292e163003db4b9162c856a4630e5d0f1359356"
  integrity sha512-VsN0ouF4uglE5g3C9oDsXLNYX0Sz++ZNUFYCswkxhpImYJ9u6nJOpyA71uOYDVCu6bAF54Y5Hi/b+EcnMzkepg==
  dependencies:
    "@babel/runtime" "^7.10.1"
    classnames "2.x"
    rc-motion "^2.2.0"
    rc-util "^5.0.1"

rc-overflow@^1.0.0:
  version "1.0.2"
  resolved "https://registry.npmjs.org/rc-overflow/-/rc-overflow-1.0.2.tgz#f56bcd920029979989f576d55084b81f9632c19c"
  integrity sha512-GXj4DAyNxm4f57LvXLwhJaZoJHzSge2l2lQq64MZP7NJAfLpQqOLD+v9JMV9ONTvDPZe8kdzR+UMmkAn7qlzFA==
  dependencies:
    "@babel/runtime" "^7.11.1"
    classnames "^2.2.1"
    rc-resize-observer "^1.0.0"
    rc-util "^5.5.1"

rc-pagination@~3.1.2:
  version "3.1.3"
  resolved "https://registry.npmjs.org/rc-pagination/-/rc-pagination-3.1.3.tgz#afd779839fefab2cb14248d5e7b74027960bb48b"
  integrity sha512-Z7CdC4xGkedfAwcUHPtfqNhYwVyDgkmhkvfsmoByCOwAd89p42t5O5T3ORar1wRmVWf3jxk/Bf4k0atenNvlFA==
  dependencies:
    "@babel/runtime" "^7.10.1"
    classnames "^2.2.1"

rc-picker@~2.5.1:
  version "2.5.2"
  resolved "https://registry.npmjs.org/rc-picker/-/rc-picker-2.5.2.tgz#36d91b8cdddbf8b2474af29c2853b77502a7fb01"
  integrity sha512-rQLgvjyFrxjiWlR+Q7CyXdTOP/gHbiXlBca7irOtuEb6HMRLdm+/OfIB7xaaPHgdkv1ZOsxCk8zCEX6j0qf24g==
  dependencies:
    "@babel/runtime" "^7.10.1"
    classnames "^2.2.1"
    date-fns "^2.15.0"
    dayjs "^1.8.30"
    moment "^2.24.0"
    rc-trigger "^5.0.4"
    rc-util "^5.4.0"
    shallowequal "^1.1.0"

rc-progress@~3.1.0:
  version "3.1.3"
  resolved "https://registry.npmjs.org/rc-progress/-/rc-progress-3.1.3.tgz#d77d8fd26d9d948d72c2a28b64b71a6e86df2426"
  integrity sha512-Jl4fzbBExHYMoC6HBPzel0a9VmhcSXx24LVt/mdhDM90MuzoMCJjXZAlhA0V0CJi+SKjMhfBoIQ6Lla1nD4QNw==
  dependencies:
    "@babel/runtime" "^7.10.1"
    classnames "^2.2.6"

rc-rate@~2.9.0:
  version "2.9.1"
  resolved "https://registry.npmjs.org/rc-rate/-/rc-rate-2.9.1.tgz#e43cb95c4eb90a2c1e0b16ec6614d8c43530a731"
  integrity sha512-MmIU7FT8W4LYRRHJD1sgG366qKtSaKb67D0/vVvJYR0lrCuRrCiVQ5qhfT5ghVO4wuVIORGpZs7ZKaYu+KMUzA==
  dependencies:
    "@babel/runtime" "^7.10.1"
    classnames "^2.2.5"
    rc-util "^5.0.1"

rc-resize-observer@^1.0.0:
  version "1.0.0"
  resolved "https://registry.npmjs.org/rc-resize-observer/-/rc-resize-observer-1.0.0.tgz#97fb89856f62fec32ab6e40933935cf58e2e102d"
  integrity sha512-RgKGukg1mlzyGdvzF7o/LGFC8AeoMH9aGzXTUdp6m+OApvmRdUuOscq/Y2O45cJA+rXt1ApWlpFoOIioXL3AGg==
  dependencies:
    "@babel/runtime" "^7.10.1"
    classnames "^2.2.1"
    rc-util "^5.0.0"
    resize-observer-polyfill "^1.5.1"

rc-select@^12.0.0, rc-select@~12.1.0:
  version "12.1.0"
  resolved "https://registry.npmjs.org/rc-select/-/rc-select-12.1.0.tgz#8da89528ea4132c71208f953a7e75ea1cd4f8bdf"
  integrity sha512-e4WTEwnl1Hg2t8sjFPPCk4SekCf6Thqk6Q+zGKB7gT8lHFHJ4cEnrqs8ntYZkkot1YtjmS67LbE80zq+JHHdTA==
  dependencies:
    "@babel/runtime" "^7.10.1"
    classnames "2.x"
    rc-motion "^2.0.1"
    rc-overflow "^1.0.0"
    rc-trigger "^5.0.4"
    rc-util "^5.0.1"
    rc-virtual-list "^3.2.0"

rc-slider@~9.7.1:
  version "9.7.1"
  resolved "https://registry.npmjs.org/rc-slider/-/rc-slider-9.7.1.tgz#63535177a74a3ee44f090909e8c6f98426eb9dba"
  integrity sha512-r9r0dpFA3PEvxBhIfVi1lVzxuSogWxeY+tGvi2AqMM1rPgaOXQ7WbtT+9kVFkJ9K8TntA/vYPgiCCKfN29KTkw==
  dependencies:
    "@babel/runtime" "^7.10.1"
    classnames "^2.2.5"
    rc-tooltip "^5.0.1"
    rc-util "^5.0.0"
    shallowequal "^1.1.0"

rc-steps@~4.1.0:
  version "4.1.3"
  resolved "https://registry.npmjs.org/rc-steps/-/rc-steps-4.1.3.tgz#208580e22db619e3830ddb7fa41bc886c65d9803"
  integrity sha512-GXrMfWQOhN3sVze3JnzNboHpQdNHcdFubOETUHyDpa/U3HEKBZC3xJ8XK4paBgF4OJ3bdUVLC+uBPc6dCxvDYA==
  dependencies:
    "@babel/runtime" "^7.10.2"
    classnames "^2.2.3"
    rc-util "^5.0.1"

rc-switch@~3.2.0:
  version "3.2.2"
  resolved "https://registry.npmjs.org/rc-switch/-/rc-switch-3.2.2.tgz#d001f77f12664d52595b4f6fb425dd9e66fba8e8"
  integrity sha512-+gUJClsZZzvAHGy1vZfnwySxj+MjLlGRyXKXScrtCTcmiYNPzxDFOxdQ/3pK1Kt/0POvwJ/6ALOR8gwdXGhs+A==
  dependencies:
    "@babel/runtime" "^7.10.1"
    classnames "^2.2.1"
    rc-util "^5.0.1"

rc-table@~7.12.0:
  version "7.12.3"
  resolved "https://registry.npmjs.org/rc-table/-/rc-table-7.12.3.tgz#c86e93b40dc3e2b8aae9e54ad7aa5a64ff7d261e"
  integrity sha512-R87lx28os4Ftm/9x+MamwzLw+Dtp9yxihceAgLA/9JS9QP/sqej1qlO+3T/Uw4paZqCg9SpW0XzLI1MandviWA==
  dependencies:
    "@babel/runtime" "^7.10.1"
    classnames "^2.2.5"
    rc-resize-observer "^1.0.0"
    rc-util "^5.4.0"
    shallowequal "^1.1.0"

rc-tabs@~11.7.0:
  version "11.7.3"
  resolved "https://registry.npmjs.org/rc-tabs/-/rc-tabs-11.7.3.tgz#32a30e59c6992d60fb58115ba0bf2652b337ed43"
  integrity sha512-5nd2NVss9TprPRV9r8N05SjQyAE7zDrLejxFLcbJ+BdLxSwnGnk3ws/Iq0smqKZUnPQC0XEvnpF3+zlllUUT2w==
  dependencies:
    "@babel/runtime" "^7.11.2"
    classnames "2.x"
    rc-dropdown "^3.1.3"
    rc-menu "^8.6.1"
    rc-resize-observer "^1.0.0"
    rc-util "^5.5.0"

rc-textarea@^0.3.0, rc-textarea@~0.3.0:
  version "0.3.4"
  resolved "https://registry.npmjs.org/rc-textarea/-/rc-textarea-0.3.4.tgz#1408a64c87b5e76db5c847699ef9ab5ee97dd6f9"
  integrity sha512-ILUYx831ZukQPv3m7R4RGRtVVWmL1LV4ME03L22mvT56US0DGCJJaRTHs4vmpcSjFHItph5OTmhodY4BOwy81A==
  dependencies:
    "@babel/runtime" "^7.10.1"
    classnames "^2.2.1"
    rc-resize-observer "^1.0.0"
    rc-util "^5.7.0"

rc-tooltip@^5.0.1, rc-tooltip@~5.0.0:
  version "5.0.2"
  resolved "https://registry.npmjs.org/rc-tooltip/-/rc-tooltip-5.0.2.tgz#e48258fc9931bd9281102b2d9eacc5b986cf3258"
  integrity sha512-A4FejSG56PzYtSNUU4H1pVzfhtkV/+qMT2clK0CsSj+9mbc4USEtpWeX6A/jjVL+goBOMKj8qlH7BCZmZWh/Nw==
  dependencies:
    "@babel/runtime" "^7.11.2"
    rc-trigger "^5.0.0"

rc-tree-select@~4.3.0:
  version "4.3.0"
  resolved "https://registry.npmjs.org/rc-tree-select/-/rc-tree-select-4.3.0.tgz#714a4fe658aa73f2a7b0aa4bd6e43be63194a6ce"
  integrity sha512-EEXB9dKBsJNJuKIU5NERZsaJ71GDGIj5uWLl7A4XiYr2jXM4JICfScvvp3O5jHMDfhqmgpqNc0z90mHkgh3hKg==
  dependencies:
    "@babel/runtime" "^7.10.1"
    classnames "2.x"
    rc-select "^12.0.0"
    rc-tree "^4.0.0"
    rc-util "^5.0.5"

rc-tree@^4.0.0, rc-tree@~4.1.0:
  version "4.1.1"
  resolved "https://registry.npmjs.org/rc-tree/-/rc-tree-4.1.1.tgz#d40f418b31b75e61886e3969481df1444232c98b"
  integrity sha512-ufq7CkWfvTQa+xMPzEWYfOjTfsEALlPr0/IyujEG4+4d8NdaR3e+0dc8LkkVWoe1VCcXV2FQqAsgr2z/ThFUrQ==
  dependencies:
    "@babel/runtime" "^7.10.1"
    classnames "2.x"
    rc-motion "^2.0.1"
    rc-util "^5.0.0"
    rc-virtual-list "^3.0.1"

rc-trigger@^5.0.0, rc-trigger@^5.0.4, rc-trigger@^5.1.2:
  version "5.2.1"
  resolved "https://registry.npmjs.org/rc-trigger/-/rc-trigger-5.2.1.tgz#54686220b884ed1e0750c4f2411fbb34d4928c99"
  integrity sha512-XZilSlSDnb0L/R3Ff2xo9C0Fho2aBDoAn8u3coM60XdLqTCo24nsOh1bfAMm0uIB1qVjh5eqeyFqnBPmXi8pJg==
  dependencies:
    "@babel/runtime" "^7.11.2"
    classnames "^2.2.6"
    rc-align "^4.0.0"
    rc-motion "^2.0.0"
    rc-util "^5.5.0"

rc-upload@~3.3.4:
  version "3.3.4"
  resolved "https://registry.npmjs.org/rc-upload/-/rc-upload-3.3.4.tgz#b0668d18661595c69c0621cec220fd116cc79952"
  integrity sha512-v2sirR4JL31UTHD/f0LGUdd+tpFaOVUTPeIEjAXRP9kRN8TFhqOgcXl5ixtyqj90FmtRUmKmafCv0EmhBQUHqQ==
  dependencies:
    "@babel/runtime" "^7.10.1"
    classnames "^2.2.5"
    rc-util "^5.2.0"

rc-util@^5.0.0, rc-util@^5.0.1, rc-util@^5.0.5, rc-util@^5.0.6, rc-util@^5.0.7, rc-util@^5.2.0, rc-util@^5.2.1, rc-util@^5.3.0, rc-util@^5.4.0, rc-util@^5.5.0, rc-util@^5.5.1, rc-util@^5.6.1, rc-util@^5.7.0:
  version "5.7.0"
  resolved "https://registry.npmjs.org/rc-util/-/rc-util-5.7.0.tgz#776b14cf5bbfc24f419fd40c42ffadddda0718fc"
  integrity sha512-0hh5XkJ+vBDeMJsHElqT1ijMx+gC3gpClwQ10h/5hccrrgrMx8VUem183KLlH1YrWCfMMPmDXWWNnwsn+p6URw==
  dependencies:
    "@babel/runtime" "^7.12.5"
    react-is "^16.12.0"
    shallowequal "^1.1.0"

rc-virtual-list@^3.0.1, rc-virtual-list@^3.2.0:
  version "3.2.6"
  resolved "https://registry.npmjs.org/rc-virtual-list/-/rc-virtual-list-3.2.6.tgz#2c92a40f4425e19881b38134d6bd286a11137d2d"
  integrity sha512-8FiQLDzm3c/tMX0d62SQtKDhLH7zFlSI6pWBAPt+TUntEqd3Lz9zFAmpvTu8gkvUom/HCsDSZs4wfV4wDPWC0Q==
  dependencies:
    classnames "^2.2.6"
    rc-resize-observer "^1.0.0"
    rc-util "^5.0.7"

react-intl-universal@^2.4.3:
  version "2.4.3"
  resolved "https://registry.npmjs.org/react-intl-universal/-/react-intl-universal-2.4.3.tgz#2908410d116a8b0536bea3048f3d76ddea9b5522"
  integrity sha512-ttUTulJ5bR75X77b1B0nXpD9+/Y1YHHXmBj7xd3T+LNXGVK/ZZkrfAawDHEgbmevj0ApESMVw4wPVweO9mX3kw==
  dependencies:
    console-polyfill "^0.3.0"
    cookie "^0.3.1"
    escape-html "^1.0.3"
    intl "^1.2.5"
    intl-messageformat "^7.8.4"
    invariant "^2.2.2"
    lodash.merge "^4.6.2"
    object-keys "^1.0.11"
    querystring "^0.2.0"

react-is@^16.12.0, react-is@^16.7.0:
  version "16.13.1"
  resolved "https://registry.npmjs.org/react-is/-/react-is-16.13.1.tgz#789729a4dc36de2999dc156dd6c1d9c18cea56a4"
  integrity sha512-24e6ynE2H+OKt4kqsOvNd8kBpV65zoxbA4BVsEOB3ARVWQki/DHzaUoC5KuON/BiccDaCCTZBuOcfZs70kR8bQ==

redux@*, redux@^4.0.0:
  version "4.0.5"
  resolved "https://registry.npmjs.org/redux/-/redux-4.0.5.tgz#4db5de5816e17891de8a80c424232d06f051d93f"
  integrity sha512-VSz1uMAH24DM6MF72vcojpYPtrTUu3ByVWfPL1nPfVRb5mZVTve5GnNCUV53QM/BZ66xfWrm0CTWoM+Xlz8V1w==
  dependencies:
    loose-envify "^1.4.0"
    symbol-observable "^1.2.0"

regenerator-runtime@^0.13.4:
  version "0.13.7"
  resolved "https://registry.npmjs.org/regenerator-runtime/-/regenerator-runtime-0.13.7.tgz#cac2dacc8a1ea675feaabaeb8ae833898ae46f55"
  integrity sha512-a54FxoJDIr27pgf7IgeQGxmqUNYrcV338lf/6gH456HZ/PhX+5BcwHXG9ajESmwe6WRO0tAzRUrRmNONWgkrew==

resize-observer-polyfill@^1.5.0, resize-observer-polyfill@^1.5.1:
  version "1.5.1"
  resolved "https://registry.npmjs.org/resize-observer-polyfill/-/resize-observer-polyfill-1.5.1.tgz#0e9020dd3d21024458d4ebd27e23e40269810464"
  integrity sha512-LwZrotdHOo12nQuZlHEmtuXdqGoOD0OhaxopaNFxWzInpEgaLWoVuAMbTzixuosCx2nEG58ngzW3vxdWoxIgdg==

scroll-into-view-if-needed@^2.2.25:
  version "2.2.26"
  resolved "https://registry.npmjs.org/scroll-into-view-if-needed/-/scroll-into-view-if-needed-2.2.26.tgz#e4917da0c820135ff65ad6f7e4b7d7af568c4f13"
  integrity sha512-SQ6AOKfABaSchokAmmaxVnL9IArxEnLEX9j4wAZw+x4iUTb40q7irtHG3z4GtAWz5veVZcCnubXDBRyLVQaohw==
  dependencies:
    compute-scroll-into-view "^1.0.16"

shallowequal@^1.0.2, shallowequal@^1.1.0:
  version "1.1.0"
  resolved "https://registry.npmjs.org/shallowequal/-/shallowequal-1.1.0.tgz#188d521de95b9087404fd4dcb68b13df0ae4e7f8"
  integrity sha512-y0m1JoUZSlPAjXVtPPW70aZWfIL/dSP7AFkRnniLCrK/8MDKog3TySTBmckD+RObVxH0v4Tox67+F14PdED2oQ==

source-map@^0.6.0, source-map@^0.6.1:
  version "0.6.1"
  resolved "https://registry.npmjs.org/source-map/-/source-map-0.6.1.tgz#74722af32e9614e9c287a8d0bbde48b5e2f1a263"
  integrity sha512-UjgapumWlbMhkBgzT7Ykc5YXUT46F0iKu8SGXq0bcwP5dz/h0Plj6enJqjz1Zbq2l5WaqYnrVbwWOWMyF3F47g==

source-map@^0.7.3:
  version "0.7.3"
  resolved "https://registry.npmjs.org/source-map/-/source-map-0.7.3.tgz#5302f8169031735226544092e64981f751750383"
  integrity sha512-CkCj6giN3S+n9qrYiBTX5gystlENnRW5jZeNLHpe6aue+SrHcG5VYwujhW9s4dY31mEGsxBDrHR6oI69fTXsaQ==

string-convert@^0.2.0:
  version "0.2.1"
  resolved "https://registry.npmjs.org/string-convert/-/string-convert-0.2.1.tgz#6982cc3049fbb4cd85f8b24568b9d9bf39eeff97"
  integrity sha1-aYLMMEn7tM2F+LJFaLnZvznu/5c=

symbol-observable@^1.2.0:
  version "1.2.0"
  resolved "https://registry.npmjs.org/symbol-observable/-/symbol-observable-1.2.0.tgz#c22688aed4eab3cdc2dfeacbb561660560a00804"
  integrity sha512-e900nM8RRtGhlV36KGEU9k65K3mPb1WV70OdjfxlG2EAuM1noi/E/BaW/uMhL7bPEssK8QV57vN3esixjUvcXQ==

toggle-selection@^1.0.6:
  version "1.0.6"
  resolved "https://registry.npmjs.org/toggle-selection/-/toggle-selection-1.0.6.tgz#6e45b1263f2017fa0acc7d89d78b15b8bf77da32"
  integrity sha1-bkWxJj8gF/oKzH2J14sVuL932jI=

warning@^4.0.1, warning@^4.0.3:
  version "4.0.3"
  resolved "https://registry.npmjs.org/warning/-/warning-4.0.3.tgz#16e9e077eb8a86d6af7d64aa1e05fd85b4678ca3"
  integrity sha512-rpJyN222KWIvHJ/F53XSZv0Zl/accqHR8et1kpaMTD/fLCRxtV8iX8czMzY7sVZupTI3zcUTg8eycS2kNF9l6w==
  dependencies:
    loose-envify "^1.0.0"
